PODS:
  - Alamofire (5.6.4)
  - CYLTabBarController (1.29.2):
    - CYLTabBarController/Core (= 1.29.2)
  - CYLTabBarController/Core (1.29.2)
  - JXPagingView/Paging (2.1.2)
  - JXSegmentedView (1.3.0)
  - KeychainAccess (4.2.2)
  - Kingfisher (7.6.2)
  - MJRefresh (3.7.5)
  - SnapKit (5.6.0)
  - SwiftyJSON (5.0.1)
  - SwiftyRSA (1.7.0):
    - SwiftyRSA/ObjC (= 1.7.0)
  - SwiftyRSA/ObjC (1.7.0)
  - Toast-Swift (5.0.1)

DEPENDENCIES:
  - Alamofire
  - CYLTabBarController
  - JXPagingView/Paging
  - JXSegmentedView
  - KeychainAccess
  - Kingfisher
  - MJRefresh
  - SnapKit
  - SwiftyJSON
  - SwiftyRSA
  - Toast-Swift

SPEC REPOS:
  trunk:
    - Alamofire
    - CYLTabBarController
    - JXPagingView
    - JXSegmentedView
    - KeychainAccess
    - Kingfisher
    - MJRefresh
    - SnapKit
    - SwiftyJSON
    - SwiftyRSA
    - Toast-Swift

SPEC CHECKSUMS:
  Alamofire: 4e95d97098eacb88856099c4fc79b526a299e48c
  CYLTabBarController: db44b5901a28693a8a4279e4721b3aafdd36c178
  JXPagingView: 90924b364a2ff7e94db534fad1fa50925ff69ee4
  JXSegmentedView: fec0d335355b6e019c494fe2e030bde8a36d2df6
  KeychainAccess: c0c4f7f38f6fc7bbe58f5702e25f7bd2f65abf51
  Kingfisher: 6c5449c6450c5239166510ba04afe374a98afc4f
  MJRefresh: fdf5e979eb406a0341468932d1dfc8b7f9fce961
  SnapKit: e01d52ebb8ddbc333eefe2132acf85c8227d9c25
  SwiftyJSON: 2f33a42c6fbc52764d96f13368585094bfd8aa5e
  SwiftyRSA: 8c6dd1ea7db1b8dc4fb517a202f88bb1354bc2c6
  Toast-Swift: 9b6a70f28b3bf0b96c40d46c0c4b9d6639846711

PODFILE CHECKSUM: 33c027e9c35d431a4155d1991c7d0d698a8db220

COCOAPODS: 1.12.1
