// !$*UTF8*$!
{
	archiveVersion = 1;
	classes = {
	};
	objectVersion = 56;
	objects = {

/* Begin PBXBuildFile section */
		1847ED1029AC8EB200BCE50C /* AppDelegate.swift in Sources */ = {isa = PBXBuildFile; fileRef = 1847ED0F29AC8EB200BCE50C /* AppDelegate.swift */; };
		1847ED1429AC8EB200BCE50C /* ViewController.swift in Sources */ = {isa = PBXBuildFile; fileRef = 1847ED1329AC8EB200BCE50C /* ViewController.swift */; };
		1847ED1729AC8EB200BCE50C /* Main.storyboard in Resources */ = {isa = PBXBuildFile; fileRef = 1847ED1529AC8EB200BCE50C /* Main.storyboard */; };
		1847ED1929AC8EB300BCE50C /* Assets.xcassets in Resources */ = {isa = PBXBuildFile; fileRef = 1847ED1829AC8EB300BCE50C /* Assets.xcassets */; };
		1847ED1C29AC8EB300BCE50C /* LaunchScreen.storyboard in Resources */ = {isa = PBXBuildFile; fileRef = 1847ED1A29AC8EB300BCE50C /* LaunchScreen.storyboard */; };
		1847ED2729AC8EB300BCE50C /* swiftDemoTests.swift in Sources */ = {isa = PBXBuildFile; fileRef = 1847ED2629AC8EB300BCE50C /* swiftDemoTests.swift */; };
		1847ED3129AC8EB300BCE50C /* swiftDemoUITests.swift in Sources */ = {isa = PBXBuildFile; fileRef = 1847ED3029AC8EB300BCE50C /* swiftDemoUITests.swift */; };
		1847ED3329AC8EB300BCE50C /* swiftDemoUITestsLaunchTests.swift in Sources */ = {isa = PBXBuildFile; fileRef = 1847ED3229AC8EB300BCE50C /* swiftDemoUITestsLaunchTests.swift */; };
		2302AA052A53D03200ABABE3 /* MZRSA.swift in Sources */ = {isa = PBXBuildFile; fileRef = 2302AA042A53D03200ABABE3 /* MZRSA.swift */; };
		231B99F92A959A8F008BCD3F /* DiaryContentView.swift in Sources */ = {isa = PBXBuildFile; fileRef = 231B99F82A959A8F008BCD3F /* DiaryContentView.swift */; };
		2328F58F2A3C5E8000F2C0E6 /* ZYCNetWorkTools.swift in Sources */ = {isa = PBXBuildFile; fileRef = 2328F58E2A3C5E8000F2C0E6 /* ZYCNetWorkTools.swift */; };
		232F59622A99D0240004ACCF /* HomeHandCell.swift in Sources */ = {isa = PBXBuildFile; fileRef = 232F59612A99D0240004ACCF /* HomeHandCell.swift */; };
		233679EC2AB2A742006271F4 /* LineLayout.swift in Sources */ = {isa = PBXBuildFile; fileRef = 233679EB2AB2A742006271F4 /* LineLayout.swift */; };
		234159502A847AE900E6F218 /* Log.swift in Sources */ = {isa = PBXBuildFile; fileRef = 2341594F2A847AE900E6F218 /* Log.swift */; };
		234159572A84B81B00E6F218 /* BaseNavigationController.swift in Sources */ = {isa = PBXBuildFile; fileRef = 234159562A84B81B00E6F218 /* BaseNavigationController.swift */; };
		234159592A84B85200E6F218 /* BaseTabBarController.swift in Sources */ = {isa = PBXBuildFile; fileRef = 234159582A84B85200E6F218 /* BaseTabBarController.swift */; };
		2341595B2A84B8CD00E6F218 /* BaseViewController.swift in Sources */ = {isa = PBXBuildFile; fileRef = 2341595A2A84B8CD00E6F218 /* BaseViewController.swift */; };
		2341595D2A84B8F000E6F218 /* HomeViewController.swift in Sources */ = {isa = PBXBuildFile; fileRef = 2341595C2A84B8F000E6F218 /* HomeViewController.swift */; };
		2341595F2A84B90500E6F218 /* ClubViewController.swift in Sources */ = {isa = PBXBuildFile; fileRef = 2341595E2A84B90500E6F218 /* ClubViewController.swift */; };
		234159612A84B91000E6F218 /* MessageViewController.swift in Sources */ = {isa = PBXBuildFile; fileRef = 234159602A84B91000E6F218 /* MessageViewController.swift */; };
		234159632A84B91A00E6F218 /* MeViewController.swift in Sources */ = {isa = PBXBuildFile; fileRef = 234159622A84B91A00E6F218 /* MeViewController.swift */; };
		234159662A84B9A200E6F218 /* PublishViewController.swift in Sources */ = {isa = PBXBuildFile; fileRef = 234159652A84B9A200E6F218 /* PublishViewController.swift */; };
		2341596C2A84D15100E6F218 /* HomeHotViewController.swift in Sources */ = {isa = PBXBuildFile; fileRef = 2341596B2A84D15100E6F218 /* HomeHotViewController.swift */; };
		2341596E2A84D16300E6F218 /* HomeFocusViewController.swift in Sources */ = {isa = PBXBuildFile; fileRef = 2341596D2A84D16300E6F218 /* HomeFocusViewController.swift */; };
		234159702A84DA1700E6F218 /* RefreshHeader.swift in Sources */ = {isa = PBXBuildFile; fileRef = 2341596F2A84DA1700E6F218 /* RefreshHeader.swift */; };
		234159722A84DA2B00E6F218 /* RefreshFooter.swift in Sources */ = {isa = PBXBuildFile; fileRef = 234159712A84DA2B00E6F218 /* RefreshFooter.swift */; };
		234159742A84EAAF00E6F218 /* FileUtils.swift in Sources */ = {isa = PBXBuildFile; fileRef = 234159732A84EAAF00E6F218 /* FileUtils.swift */; };
		234E75DB2A936CD7002883C6 /* BannerView.swift in Sources */ = {isa = PBXBuildFile; fileRef = 234E75DA2A936CD7002883C6 /* BannerView.swift */; };
		235742512A987B09002C19C2 /* UILabelUtils.swift in Sources */ = {isa = PBXBuildFile; fileRef = 235742502A987B09002C19C2 /* UILabelUtils.swift */; };
		236D46ED2A4E6A6700F26916 /* DateUtils.swift in Sources */ = {isa = PBXBuildFile; fileRef = 236D46EC2A4E6A6700F26916 /* DateUtils.swift */; };
		236D46EF2A4E6E0300F26916 /* StringUtils.swift in Sources */ = {isa = PBXBuildFile; fileRef = 236D46EE2A4E6E0300F26916 /* StringUtils.swift */; };
		236D46F12A4ECB3800F26916 /* DataUtils.swift in Sources */ = {isa = PBXBuildFile; fileRef = 236D46F02A4ECB3800F26916 /* DataUtils.swift */; };
		23727DDD2A8A180C00EBF53D /* BaseTableViewCell.swift in Sources */ = {isa = PBXBuildFile; fileRef = 23727DDC2A8A180C00EBF53D /* BaseTableViewCell.swift */; };
		23727DDF2A8A33BC00EBF53D /* HomeDiaryCell.swift in Sources */ = {isa = PBXBuildFile; fileRef = 23727DDE2A8A33BC00EBF53D /* HomeDiaryCell.swift */; };
		2377D0852A85DCB4006F9BF5 /* UserManager.swift in Sources */ = {isa = PBXBuildFile; fileRef = 2377D0842A85DCB4006F9BF5 /* UserManager.swift */; };
		2377D0872A86250D006F9BF5 /* HomeListModel.swift in Sources */ = {isa = PBXBuildFile; fileRef = 2377D0862A86250D006F9BF5 /* HomeListModel.swift */; };
		238816A82A26D7990004432B /* ZYCCommon.swift in Sources */ = {isa = PBXBuildFile; fileRef = 238816A72A26D7990004432B /* ZYCCommon.swift */; };
		238A18982AB19FD900A491E9 /* HomeCorpusResourceCell.swift in Sources */ = {isa = PBXBuildFile; fileRef = 238A18972AB19FD900A491E9 /* HomeCorpusResourceCell.swift */; };
		238A189A2AB19FFA00A491E9 /* HomeCorpusCell.swift in Sources */ = {isa = PBXBuildFile; fileRef = 238A18992AB19FFA00A491E9 /* HomeCorpusCell.swift */; };
		239177B52AF4F9BB0016CB68 /* CocoaLumberjack in Frameworks */ = {isa = PBXBuildFile; productRef = 239177B42AF4F9BB0016CB68 /* CocoaLumberjack */; };
		239177B72AF4F9BB0016CB68 /* CocoaLumberjackSwift in Frameworks */ = {isa = PBXBuildFile; productRef = 239177B62AF4F9BB0016CB68 /* CocoaLumberjackSwift */; };
		239177B92AF4F9BB0016CB68 /* CocoaLumberjackSwiftLogBackend in Frameworks */ = {isa = PBXBuildFile; productRef = 239177B82AF4F9BB0016CB68 /* CocoaLumberjackSwiftLogBackend */; };
		23A456FA2A3DA54100A2310F /* ZYCNetWork.swift in Sources */ = {isa = PBXBuildFile; fileRef = 23A456F92A3DA54100A2310F /* ZYCNetWork.swift */; };
		23AC66F02AA1DE2500D6B78A /* HomeScrapResourceCell.swift in Sources */ = {isa = PBXBuildFile; fileRef = 23AC66EF2AA1DE2500D6B78A /* HomeScrapResourceCell.swift */; };
		23AC66F22AA1DE4500D6B78A /* HomeScrapCell.swift in Sources */ = {isa = PBXBuildFile; fileRef = 23AC66F12AA1DE4500D6B78A /* HomeScrapCell.swift */; };
		23BF71C72AAEF2A400EDF196 /* HorizontalLayout.swift in Sources */ = {isa = PBXBuildFile; fileRef = 23BF71C62AAEF2A400EDF196 /* HorizontalLayout.swift */; };
		23CD57C02AF885F20051B2EC /* QYLog.swift in Sources */ = {isa = PBXBuildFile; fileRef = 23CD57BF2AF885F20051B2EC /* QYLog.swift */; };
		23D5DDC72A67CE37003AE711 /* User.swift in Sources */ = {isa = PBXBuildFile; fileRef = 23D5DDB92A67CE37003AE711 /* User.swift */; };
		23E2243F2A56B78C008AC83A /* HttpManager.swift in Sources */ = {isa = PBXBuildFile; fileRef = 23E2243E2A56B78C008AC83A /* HttpManager.swift */; };
		23E224412A56BB6E008AC83A /* NetWorkAPI.swift in Sources */ = {isa = PBXBuildFile; fileRef = 23E224402A56BB6E008AC83A /* NetWorkAPI.swift */; };
		23E7E7172A9F13B40083FE90 /* BaseCollectionViewCell.swift in Sources */ = {isa = PBXBuildFile; fileRef = 23E7E7162A9F13B40083FE90 /* BaseCollectionViewCell.swift */; };
		23E7E7192A9F14350083FE90 /* HomeTopicCell.swift in Sources */ = {isa = PBXBuildFile; fileRef = 23E7E7182A9F14350083FE90 /* HomeTopicCell.swift */; };
		23E7E71B2A9F1DE10083FE90 /* HomeTopicResourceCell.swift in Sources */ = {isa = PBXBuildFile; fileRef = 23E7E71A2A9F1DE10083FE90 /* HomeTopicResourceCell.swift */; };
		23E7E71D2A9F1FA40083FE90 /* NonFullScreenLayout.swift in Sources */ = {isa = PBXBuildFile; fileRef = 23E7E71C2A9F1FA40083FE90 /* NonFullScreenLayout.swift */; };
		4894CBBD7F961FE55D8AEE63 /* Pods_swiftDemo_swiftDemoUITests.framework in Frameworks */ = {isa = PBXBuildFile; fileRef = 7E15BE465F2A87354BD1F7E7 /* Pods_swiftDemo_swiftDemoUITests.framework */; };
		9817967915F407F26766863E /* Pods_swiftDemoTests.framework in Frameworks */ = {isa = PBXBuildFile; fileRef = 99FD46CD0488ABAF76F1208F /* Pods_swiftDemoTests.framework */; };
		B26DB70DB30155FE3A1D1172 /* Pods_swiftDemo.framework in Frameworks */ = {isa = PBXBuildFile; fileRef = A0348865ACC26E3B7F96A415 /* Pods_swiftDemo.framework */; };
/* End PBXBuildFile section */

/* Begin PBXContainerItemProxy section */
		1847ED2329AC8EB300BCE50C /* PBXContainerItemProxy */ = {
			isa = PBXContainerItemProxy;
			containerPortal = 1847ED0429AC8EB200BCE50C /* Project object */;
			proxyType = 1;
			remoteGlobalIDString = 1847ED0B29AC8EB200BCE50C;
			remoteInfo = swiftDemo;
		};
		1847ED2D29AC8EB300BCE50C /* PBXContainerItemProxy */ = {
			isa = PBXContainerItemProxy;
			containerPortal = 1847ED0429AC8EB200BCE50C /* Project object */;
			proxyType = 1;
			remoteGlobalIDString = 1847ED0B29AC8EB200BCE50C;
			remoteInfo = swiftDemo;
		};
/* End PBXContainerItemProxy section */

/* Begin PBXFileReference section */
		1847ED0C29AC8EB200BCE50C /* swiftDemo.app */ = {isa = PBXFileReference; explicitFileType = wrapper.application; includeInIndex = 0; path = swiftDemo.app; sourceTree = BUILT_PRODUCTS_DIR; };
		1847ED0F29AC8EB200BCE50C /* AppDelegate.swift */ = {isa = PBXFileReference; lastKnownFileType = sourcecode.swift; path = AppDelegate.swift; sourceTree = "<group>"; };
		1847ED1329AC8EB200BCE50C /* ViewController.swift */ = {isa = PBXFileReference; lastKnownFileType = sourcecode.swift; path = ViewController.swift; sourceTree = "<group>"; };
		1847ED1629AC8EB200BCE50C /* Base */ = {isa = PBXFileReference; lastKnownFileType = file.storyboard; name = Base; path = Base.lproj/Main.storyboard; sourceTree = "<group>"; };
		1847ED1829AC8EB300BCE50C /* Assets.xcassets */ = {isa = PBXFileReference; lastKnownFileType = folder.assetcatalog; path = Assets.xcassets; sourceTree = "<group>"; };
		1847ED1B29AC8EB300BCE50C /* Base */ = {isa = PBXFileReference; lastKnownFileType = file.storyboard; name = Base; path = Base.lproj/LaunchScreen.storyboard; sourceTree = "<group>"; };
		1847ED1D29AC8EB300BCE50C /* Info.plist */ = {isa = PBXFileReference; lastKnownFileType = text.plist.xml; path = Info.plist; sourceTree = "<group>"; };
		1847ED2229AC8EB300BCE50C /* swiftDemoTests.xctest */ = {isa = PBXFileReference; explicitFileType = wrapper.cfbundle; includeInIndex = 0; path = swiftDemoTests.xctest; sourceTree = BUILT_PRODUCTS_DIR; };
		1847ED2629AC8EB300BCE50C /* swiftDemoTests.swift */ = {isa = PBXFileReference; lastKnownFileType = sourcecode.swift; path = swiftDemoTests.swift; sourceTree = "<group>"; };
		1847ED2C29AC8EB300BCE50C /* swiftDemoUITests.xctest */ = {isa = PBXFileReference; explicitFileType = wrapper.cfbundle; includeInIndex = 0; path = swiftDemoUITests.xctest; sourceTree = BUILT_PRODUCTS_DIR; };
		1847ED3029AC8EB300BCE50C /* swiftDemoUITests.swift */ = {isa = PBXFileReference; lastKnownFileType = sourcecode.swift; path = swiftDemoUITests.swift; sourceTree = "<group>"; };
		1847ED3229AC8EB300BCE50C /* swiftDemoUITestsLaunchTests.swift */ = {isa = PBXFileReference; lastKnownFileType = sourcecode.swift; path = swiftDemoUITestsLaunchTests.swift; sourceTree = "<group>"; };
		2302AA042A53D03200ABABE3 /* MZRSA.swift */ = {isa = PBXFileReference; fileEncoding = 4; lastKnownFileType = sourcecode.swift; path = MZRSA.swift; sourceTree = "<group>"; };
		231B99F82A959A8F008BCD3F /* DiaryContentView.swift */ = {isa = PBXFileReference; lastKnownFileType = sourcecode.swift; path = DiaryContentView.swift; sourceTree = "<group>"; };
		2328F58E2A3C5E8000F2C0E6 /* ZYCNetWorkTools.swift */ = {isa = PBXFileReference; lastKnownFileType = sourcecode.swift; path = ZYCNetWorkTools.swift; sourceTree = "<group>"; };
		232F59612A99D0240004ACCF /* HomeHandCell.swift */ = {isa = PBXFileReference; lastKnownFileType = sourcecode.swift; path = HomeHandCell.swift; sourceTree = "<group>"; };
		233679EB2AB2A742006271F4 /* LineLayout.swift */ = {isa = PBXFileReference; lastKnownFileType = sourcecode.swift; path = LineLayout.swift; sourceTree = "<group>"; };
		2341594F2A847AE900E6F218 /* Log.swift */ = {isa = PBXFileReference; lastKnownFileType = sourcecode.swift; path = Log.swift; sourceTree = "<group>"; };
		234159562A84B81B00E6F218 /* BaseNavigationController.swift */ = {isa = PBXFileReference; lastKnownFileType = sourcecode.swift; path = BaseNavigationController.swift; sourceTree = "<group>"; };
		234159582A84B85200E6F218 /* BaseTabBarController.swift */ = {isa = PBXFileReference; lastKnownFileType = sourcecode.swift; path = BaseTabBarController.swift; sourceTree = "<group>"; };
		2341595A2A84B8CD00E6F218 /* BaseViewController.swift */ = {isa = PBXFileReference; lastKnownFileType = sourcecode.swift; path = BaseViewController.swift; sourceTree = "<group>"; };
		2341595C2A84B8F000E6F218 /* HomeViewController.swift */ = {isa = PBXFileReference; lastKnownFileType = sourcecode.swift; path = HomeViewController.swift; sourceTree = "<group>"; };
		2341595E2A84B90500E6F218 /* ClubViewController.swift */ = {isa = PBXFileReference; lastKnownFileType = sourcecode.swift; path = ClubViewController.swift; sourceTree = "<group>"; };
		234159602A84B91000E6F218 /* MessageViewController.swift */ = {isa = PBXFileReference; lastKnownFileType = sourcecode.swift; path = MessageViewController.swift; sourceTree = "<group>"; };
		234159622A84B91A00E6F218 /* MeViewController.swift */ = {isa = PBXFileReference; lastKnownFileType = sourcecode.swift; path = MeViewController.swift; sourceTree = "<group>"; };
		234159652A84B9A200E6F218 /* PublishViewController.swift */ = {isa = PBXFileReference; lastKnownFileType = sourcecode.swift; path = PublishViewController.swift; sourceTree = "<group>"; };
		234159672A84C09C00E6F218 /* swiftDemo-Bridging-Header.h */ = {isa = PBXFileReference; lastKnownFileType = sourcecode.c.h; path = "swiftDemo-Bridging-Header.h"; sourceTree = "<group>"; };
		2341596B2A84D15100E6F218 /* HomeHotViewController.swift */ = {isa = PBXFileReference; lastKnownFileType = sourcecode.swift; path = HomeHotViewController.swift; sourceTree = "<group>"; };
		2341596D2A84D16300E6F218 /* HomeFocusViewController.swift */ = {isa = PBXFileReference; lastKnownFileType = sourcecode.swift; path = HomeFocusViewController.swift; sourceTree = "<group>"; };
		2341596F2A84DA1700E6F218 /* RefreshHeader.swift */ = {isa = PBXFileReference; lastKnownFileType = sourcecode.swift; path = RefreshHeader.swift; sourceTree = "<group>"; };
		234159712A84DA2B00E6F218 /* RefreshFooter.swift */ = {isa = PBXFileReference; lastKnownFileType = sourcecode.swift; path = RefreshFooter.swift; sourceTree = "<group>"; };
		234159732A84EAAF00E6F218 /* FileUtils.swift */ = {isa = PBXFileReference; lastKnownFileType = sourcecode.swift; path = FileUtils.swift; sourceTree = "<group>"; };
		234E75DA2A936CD7002883C6 /* BannerView.swift */ = {isa = PBXFileReference; lastKnownFileType = sourcecode.swift; path = BannerView.swift; sourceTree = "<group>"; };
		235742502A987B09002C19C2 /* UILabelUtils.swift */ = {isa = PBXFileReference; lastKnownFileType = sourcecode.swift; path = UILabelUtils.swift; sourceTree = "<group>"; };
		236D46EC2A4E6A6700F26916 /* DateUtils.swift */ = {isa = PBXFileReference; lastKnownFileType = sourcecode.swift; path = DateUtils.swift; sourceTree = "<group>"; };
		236D46EE2A4E6E0300F26916 /* StringUtils.swift */ = {isa = PBXFileReference; lastKnownFileType = sourcecode.swift; path = StringUtils.swift; sourceTree = "<group>"; };
		236D46F02A4ECB3800F26916 /* DataUtils.swift */ = {isa = PBXFileReference; lastKnownFileType = sourcecode.swift; path = DataUtils.swift; sourceTree = "<group>"; };
		23727DDC2A8A180C00EBF53D /* BaseTableViewCell.swift */ = {isa = PBXFileReference; lastKnownFileType = sourcecode.swift; path = BaseTableViewCell.swift; sourceTree = "<group>"; };
		23727DDE2A8A33BC00EBF53D /* HomeDiaryCell.swift */ = {isa = PBXFileReference; lastKnownFileType = sourcecode.swift; path = HomeDiaryCell.swift; sourceTree = "<group>"; };
		2377D0842A85DCB4006F9BF5 /* UserManager.swift */ = {isa = PBXFileReference; lastKnownFileType = sourcecode.swift; path = UserManager.swift; sourceTree = "<group>"; };
		2377D0862A86250D006F9BF5 /* HomeListModel.swift */ = {isa = PBXFileReference; lastKnownFileType = sourcecode.swift; path = HomeListModel.swift; sourceTree = "<group>"; };
		238816A72A26D7990004432B /* ZYCCommon.swift */ = {isa = PBXFileReference; lastKnownFileType = sourcecode.swift; path = ZYCCommon.swift; sourceTree = "<group>"; };
		238A18972AB19FD900A491E9 /* HomeCorpusResourceCell.swift */ = {isa = PBXFileReference; lastKnownFileType = sourcecode.swift; path = HomeCorpusResourceCell.swift; sourceTree = "<group>"; };
		238A18992AB19FFA00A491E9 /* HomeCorpusCell.swift */ = {isa = PBXFileReference; lastKnownFileType = sourcecode.swift; path = HomeCorpusCell.swift; sourceTree = "<group>"; };
		23A456F92A3DA54100A2310F /* ZYCNetWork.swift */ = {isa = PBXFileReference; lastKnownFileType = sourcecode.swift; path = ZYCNetWork.swift; sourceTree = "<group>"; };
		23AC66EF2AA1DE2500D6B78A /* HomeScrapResourceCell.swift */ = {isa = PBXFileReference; lastKnownFileType = sourcecode.swift; path = HomeScrapResourceCell.swift; sourceTree = "<group>"; };
		23AC66F12AA1DE4500D6B78A /* HomeScrapCell.swift */ = {isa = PBXFileReference; lastKnownFileType = sourcecode.swift; path = HomeScrapCell.swift; sourceTree = "<group>"; };
		23BF71C62AAEF2A400EDF196 /* HorizontalLayout.swift */ = {isa = PBXFileReference; lastKnownFileType = sourcecode.swift; path = HorizontalLayout.swift; sourceTree = "<group>"; };
		23CD57BF2AF885F20051B2EC /* QYLog.swift */ = {isa = PBXFileReference; lastKnownFileType = sourcecode.swift; path = QYLog.swift; sourceTree = "<group>"; };
		23D5DDB92A67CE37003AE711 /* User.swift */ = {isa = PBXFileReference; fileEncoding = 4; lastKnownFileType = sourcecode.swift; path = User.swift; sourceTree = "<group>"; };
		23E2243E2A56B78C008AC83A /* HttpManager.swift */ = {isa = PBXFileReference; lastKnownFileType = sourcecode.swift; path = HttpManager.swift; sourceTree = "<group>"; };
		23E224402A56BB6E008AC83A /* NetWorkAPI.swift */ = {isa = PBXFileReference; lastKnownFileType = sourcecode.swift; path = NetWorkAPI.swift; sourceTree = "<group>"; };
		23E7E7162A9F13B40083FE90 /* BaseCollectionViewCell.swift */ = {isa = PBXFileReference; lastKnownFileType = sourcecode.swift; path = BaseCollectionViewCell.swift; sourceTree = "<group>"; };
		23E7E7182A9F14350083FE90 /* HomeTopicCell.swift */ = {isa = PBXFileReference; lastKnownFileType = sourcecode.swift; path = HomeTopicCell.swift; sourceTree = "<group>"; };
		23E7E71A2A9F1DE10083FE90 /* HomeTopicResourceCell.swift */ = {isa = PBXFileReference; lastKnownFileType = sourcecode.swift; path = HomeTopicResourceCell.swift; sourceTree = "<group>"; };
		23E7E71C2A9F1FA40083FE90 /* NonFullScreenLayout.swift */ = {isa = PBXFileReference; lastKnownFileType = sourcecode.swift; path = NonFullScreenLayout.swift; sourceTree = "<group>"; };
		4CCD1102262D805AE0688DBF /* Pods-swiftDemo.release.xcconfig */ = {isa = PBXFileReference; includeInIndex = 1; lastKnownFileType = text.xcconfig; name = "Pods-swiftDemo.release.xcconfig"; path = "Target Support Files/Pods-swiftDemo/Pods-swiftDemo.release.xcconfig"; sourceTree = "<group>"; };
		640E629996A89B0647CA1227 /* Pods-swiftDemo-swiftDemoUITests.release.xcconfig */ = {isa = PBXFileReference; includeInIndex = 1; lastKnownFileType = text.xcconfig; name = "Pods-swiftDemo-swiftDemoUITests.release.xcconfig"; path = "Target Support Files/Pods-swiftDemo-swiftDemoUITests/Pods-swiftDemo-swiftDemoUITests.release.xcconfig"; sourceTree = "<group>"; };
		6D516DA00F74A7F015BD748E /* Pods-swiftDemo-swiftDemoUITests.debug.xcconfig */ = {isa = PBXFileReference; includeInIndex = 1; lastKnownFileType = text.xcconfig; name = "Pods-swiftDemo-swiftDemoUITests.debug.xcconfig"; path = "Target Support Files/Pods-swiftDemo-swiftDemoUITests/Pods-swiftDemo-swiftDemoUITests.debug.xcconfig"; sourceTree = "<group>"; };
		7E15BE465F2A87354BD1F7E7 /* Pods_swiftDemo_swiftDemoUITests.framework */ = {isa = PBXFileReference; explicitFileType = wrapper.framework; includeInIndex = 0; path = Pods_swiftDemo_swiftDemoUITests.framework; sourceTree = BUILT_PRODUCTS_DIR; };
		984CCC776404AA2695F2DF7E /* Pods-swiftDemoTests.release.xcconfig */ = {isa = PBXFileReference; includeInIndex = 1; lastKnownFileType = text.xcconfig; name = "Pods-swiftDemoTests.release.xcconfig"; path = "Target Support Files/Pods-swiftDemoTests/Pods-swiftDemoTests.release.xcconfig"; sourceTree = "<group>"; };
		99FD46CD0488ABAF76F1208F /* Pods_swiftDemoTests.framework */ = {isa = PBXFileReference; explicitFileType = wrapper.framework; includeInIndex = 0; path = Pods_swiftDemoTests.framework; sourceTree = BUILT_PRODUCTS_DIR; };
		A0348865ACC26E3B7F96A415 /* Pods_swiftDemo.framework */ = {isa = PBXFileReference; explicitFileType = wrapper.framework; includeInIndex = 0; path = Pods_swiftDemo.framework; sourceTree = BUILT_PRODUCTS_DIR; };
		BC84BA9E482C98DD3162A2D3 /* Pods-swiftDemoTests.debug.xcconfig */ = {isa = PBXFileReference; includeInIndex = 1; lastKnownFileType = text.xcconfig; name = "Pods-swiftDemoTests.debug.xcconfig"; path = "Target Support Files/Pods-swiftDemoTests/Pods-swiftDemoTests.debug.xcconfig"; sourceTree = "<group>"; };
		BD7425513B31F2BAB8E0C674 /* Pods-swiftDemo.debug.xcconfig */ = {isa = PBXFileReference; includeInIndex = 1; lastKnownFileType = text.xcconfig; name = "Pods-swiftDemo.debug.xcconfig"; path = "Target Support Files/Pods-swiftDemo/Pods-swiftDemo.debug.xcconfig"; sourceTree = "<group>"; };
/* End PBXFileReference section */

/* Begin PBXFrameworksBuildPhase section */
		1847ED0929AC8EB200BCE50C /* Frameworks */ = {
			isa = PBXFrameworksBuildPhase;
			buildActionMask = 2147483647;
			files = (
				239177B52AF4F9BB0016CB68 /* CocoaLumberjack in Frameworks */,
				B26DB70DB30155FE3A1D1172 /* Pods_swiftDemo.framework in Frameworks */,
				239177B92AF4F9BB0016CB68 /* CocoaLumberjackSwiftLogBackend in Frameworks */,
				239177B72AF4F9BB0016CB68 /* CocoaLumberjackSwift in Frameworks */,
			);
			runOnlyForDeploymentPostprocessing = 0;
		};
		1847ED1F29AC8EB300BCE50C /* Frameworks */ = {
			isa = PBXFrameworksBuildPhase;
			buildActionMask = 2147483647;
			files = (
				9817967915F407F26766863E /* Pods_swiftDemoTests.framework in Frameworks */,
			);
			runOnlyForDeploymentPostprocessing = 0;
		};
		1847ED2929AC8EB300BCE50C /* Frameworks */ = {
			isa = PBXFrameworksBuildPhase;
			buildActionMask = 2147483647;
			files = (
				4894CBBD7F961FE55D8AEE63 /* Pods_swiftDemo_swiftDemoUITests.framework in Frameworks */,
			);
			runOnlyForDeploymentPostprocessing = 0;
		};
/* End PBXFrameworksBuildPhase section */

/* Begin PBXGroup section */
		15CEE38FBEB037ACB3FA5C27 /* Pods */ = {
			isa = PBXGroup;
			children = (
				BD7425513B31F2BAB8E0C674 /* Pods-swiftDemo.debug.xcconfig */,
				4CCD1102262D805AE0688DBF /* Pods-swiftDemo.release.xcconfig */,
				6D516DA00F74A7F015BD748E /* Pods-swiftDemo-swiftDemoUITests.debug.xcconfig */,
				640E629996A89B0647CA1227 /* Pods-swiftDemo-swiftDemoUITests.release.xcconfig */,
				BC84BA9E482C98DD3162A2D3 /* Pods-swiftDemoTests.debug.xcconfig */,
				984CCC776404AA2695F2DF7E /* Pods-swiftDemoTests.release.xcconfig */,
			);
			path = Pods;
			sourceTree = "<group>";
		};
		1847ED0329AC8EB200BCE50C = {
			isa = PBXGroup;
			children = (
				1847ED0E29AC8EB200BCE50C /* swiftDemo */,
				1847ED2529AC8EB300BCE50C /* swiftDemoTests */,
				1847ED2F29AC8EB300BCE50C /* swiftDemoUITests */,
				1847ED0D29AC8EB200BCE50C /* Products */,
				15CEE38FBEB037ACB3FA5C27 /* Pods */,
				A7A607F95648829A72ED2A8A /* Frameworks */,
			);
			sourceTree = "<group>";
		};
		1847ED0D29AC8EB200BCE50C /* Products */ = {
			isa = PBXGroup;
			children = (
				1847ED0C29AC8EB200BCE50C /* swiftDemo.app */,
				1847ED2229AC8EB300BCE50C /* swiftDemoTests.xctest */,
				1847ED2C29AC8EB300BCE50C /* swiftDemoUITests.xctest */,
			);
			name = Products;
			sourceTree = "<group>";
		};
		1847ED0E29AC8EB200BCE50C /* swiftDemo */ = {
			isa = PBXGroup;
			children = (
				234159512A84B74200E6F218 /* Base */,
				2341594E2A847AD100E6F218 /* Utils */,
				23D5DDAC2A67C179003AE711 /* Model */,
				238A18962AB19EE900A491E9 /* CollectionViewLayout */,
				234159522A84B75F00E6F218 /* Home */,
				234159532A84B76D00E6F218 /* Club */,
				234159642A84B98800E6F218 /* Publish */,
				234159542A84B78700E6F218 /* Message */,
				234159552A84B7B300E6F218 /* Me */,
				1847ED0F29AC8EB200BCE50C /* AppDelegate.swift */,
				1847ED1329AC8EB200BCE50C /* ViewController.swift */,
				1847ED1529AC8EB200BCE50C /* Main.storyboard */,
				1847ED1829AC8EB300BCE50C /* Assets.xcassets */,
				1847ED1A29AC8EB300BCE50C /* LaunchScreen.storyboard */,
				1847ED1D29AC8EB300BCE50C /* Info.plist */,
				234159672A84C09C00E6F218 /* swiftDemo-Bridging-Header.h */,
			);
			path = swiftDemo;
			sourceTree = "<group>";
		};
		1847ED2529AC8EB300BCE50C /* swiftDemoTests */ = {
			isa = PBXGroup;
			children = (
				1847ED2629AC8EB300BCE50C /* swiftDemoTests.swift */,
			);
			path = swiftDemoTests;
			sourceTree = "<group>";
		};
		1847ED2F29AC8EB300BCE50C /* swiftDemoUITests */ = {
			isa = PBXGroup;
			children = (
				1847ED3029AC8EB300BCE50C /* swiftDemoUITests.swift */,
				1847ED3229AC8EB300BCE50C /* swiftDemoUITestsLaunchTests.swift */,
			);
			path = swiftDemoUITests;
			sourceTree = "<group>";
		};
		2341594E2A847AD100E6F218 /* Utils */ = {
			isa = PBXGroup;
			children = (
				2302AA042A53D03200ABABE3 /* MZRSA.swift */,
				2341594F2A847AE900E6F218 /* Log.swift */,
				238816A72A26D7990004432B /* ZYCCommon.swift */,
				236D46EC2A4E6A6700F26916 /* DateUtils.swift */,
				236D46EE2A4E6E0300F26916 /* StringUtils.swift */,
				236D46F02A4ECB3800F26916 /* DataUtils.swift */,
				2328F58E2A3C5E8000F2C0E6 /* ZYCNetWorkTools.swift */,
				23A456F92A3DA54100A2310F /* ZYCNetWork.swift */,
				23E2243E2A56B78C008AC83A /* HttpManager.swift */,
				23E224402A56BB6E008AC83A /* NetWorkAPI.swift */,
				234159732A84EAAF00E6F218 /* FileUtils.swift */,
				2377D0842A85DCB4006F9BF5 /* UserManager.swift */,
				235742502A987B09002C19C2 /* UILabelUtils.swift */,
				23CD57BF2AF885F20051B2EC /* QYLog.swift */,
			);
			path = Utils;
			sourceTree = "<group>";
		};
		234159512A84B74200E6F218 /* Base */ = {
			isa = PBXGroup;
			children = (
				234159562A84B81B00E6F218 /* BaseNavigationController.swift */,
				234159582A84B85200E6F218 /* BaseTabBarController.swift */,
				2341595A2A84B8CD00E6F218 /* BaseViewController.swift */,
				2341596F2A84DA1700E6F218 /* RefreshHeader.swift */,
				234159712A84DA2B00E6F218 /* RefreshFooter.swift */,
				23727DDC2A8A180C00EBF53D /* BaseTableViewCell.swift */,
				23E7E7162A9F13B40083FE90 /* BaseCollectionViewCell.swift */,
			);
			path = Base;
			sourceTree = "<group>";
		};
		234159522A84B75F00E6F218 /* Home */ = {
			isa = PBXGroup;
			children = (
				2341595C2A84B8F000E6F218 /* HomeViewController.swift */,
				2341596B2A84D15100E6F218 /* HomeHotViewController.swift */,
				2341596D2A84D16300E6F218 /* HomeFocusViewController.swift */,
				23727DDE2A8A33BC00EBF53D /* HomeDiaryCell.swift */,
				232F59612A99D0240004ACCF /* HomeHandCell.swift */,
				234E75DA2A936CD7002883C6 /* BannerView.swift */,
				231B99F82A959A8F008BCD3F /* DiaryContentView.swift */,
				23E7E71A2A9F1DE10083FE90 /* HomeTopicResourceCell.swift */,
				23E7E7182A9F14350083FE90 /* HomeTopicCell.swift */,
				23AC66EF2AA1DE2500D6B78A /* HomeScrapResourceCell.swift */,
				23AC66F12AA1DE4500D6B78A /* HomeScrapCell.swift */,
				238A18972AB19FD900A491E9 /* HomeCorpusResourceCell.swift */,
				238A18992AB19FFA00A491E9 /* HomeCorpusCell.swift */,
			);
			path = Home;
			sourceTree = "<group>";
		};
		234159532A84B76D00E6F218 /* Club */ = {
			isa = PBXGroup;
			children = (
				2341595E2A84B90500E6F218 /* ClubViewController.swift */,
			);
			path = Club;
			sourceTree = "<group>";
		};
		234159542A84B78700E6F218 /* Message */ = {
			isa = PBXGroup;
			children = (
				234159602A84B91000E6F218 /* MessageViewController.swift */,
			);
			path = Message;
			sourceTree = "<group>";
		};
		234159552A84B7B300E6F218 /* Me */ = {
			isa = PBXGroup;
			children = (
				234159622A84B91A00E6F218 /* MeViewController.swift */,
			);
			path = Me;
			sourceTree = "<group>";
		};
		234159642A84B98800E6F218 /* Publish */ = {
			isa = PBXGroup;
			children = (
				234159652A84B9A200E6F218 /* PublishViewController.swift */,
			);
			path = Publish;
			sourceTree = "<group>";
		};
		238A18962AB19EE900A491E9 /* CollectionViewLayout */ = {
			isa = PBXGroup;
			children = (
				23BF71C62AAEF2A400EDF196 /* HorizontalLayout.swift */,
				23E7E71C2A9F1FA40083FE90 /* NonFullScreenLayout.swift */,
				233679EB2AB2A742006271F4 /* LineLayout.swift */,
			);
			path = CollectionViewLayout;
			sourceTree = "<group>";
		};
		23D5DDAC2A67C179003AE711 /* Model */ = {
			isa = PBXGroup;
			children = (
				23D5DDB92A67CE37003AE711 /* User.swift */,
				2377D0862A86250D006F9BF5 /* HomeListModel.swift */,
			);
			path = Model;
			sourceTree = "<group>";
		};
		A7A607F95648829A72ED2A8A /* Frameworks */ = {
			isa = PBXGroup;
			children = (
				A0348865ACC26E3B7F96A415 /* Pods_swiftDemo.framework */,
				7E15BE465F2A87354BD1F7E7 /* Pods_swiftDemo_swiftDemoUITests.framework */,
				99FD46CD0488ABAF76F1208F /* Pods_swiftDemoTests.framework */,
			);
			name = Frameworks;
			sourceTree = "<group>";
		};
/* End PBXGroup section */

/* Begin PBXNativeTarget section */
		1847ED0B29AC8EB200BCE50C /* swiftDemo */ = {
			isa = PBXNativeTarget;
			buildConfigurationList = 1847ED3629AC8EB300BCE50C /* Build configuration list for PBXNativeTarget "swiftDemo" */;
			buildPhases = (
				64963BE0B409588B41BC9686 /* [CP] Check Pods Manifest.lock */,
				1847ED0829AC8EB200BCE50C /* Sources */,
				1847ED0929AC8EB200BCE50C /* Frameworks */,
				1847ED0A29AC8EB200BCE50C /* Resources */,
				39FFCE63200442952F2D8811 /* [CP] Embed Pods Frameworks */,
			);
			buildRules = (
			);
			dependencies = (
			);
			name = swiftDemo;
			packageProductDependencies = (
				239177B42AF4F9BB0016CB68 /* CocoaLumberjack */,
				239177B62AF4F9BB0016CB68 /* CocoaLumberjackSwift */,
				239177B82AF4F9BB0016CB68 /* CocoaLumberjackSwiftLogBackend */,
			);
			productName = swiftDemo;
			productReference = 1847ED0C29AC8EB200BCE50C /* swiftDemo.app */;
			productType = "com.apple.product-type.application";
		};
		1847ED2129AC8EB300BCE50C /* swiftDemoTests */ = {
			isa = PBXNativeTarget;
			buildConfigurationList = 1847ED3929AC8EB300BCE50C /* Build configuration list for PBXNativeTarget "swiftDemoTests" */;
			buildPhases = (
				062AF6D20EA6D06A0AAEA369 /* [CP] Check Pods Manifest.lock */,
				1847ED1E29AC8EB300BCE50C /* Sources */,
				1847ED1F29AC8EB300BCE50C /* Frameworks */,
				1847ED2029AC8EB300BCE50C /* Resources */,
			);
			buildRules = (
			);
			dependencies = (
				1847ED2429AC8EB300BCE50C /* PBXTargetDependency */,
			);
			name = swiftDemoTests;
			productName = swiftDemoTests;
			productReference = 1847ED2229AC8EB300BCE50C /* swiftDemoTests.xctest */;
			productType = "com.apple.product-type.bundle.unit-test";
		};
		1847ED2B29AC8EB300BCE50C /* swiftDemoUITests */ = {
			isa = PBXNativeTarget;
			buildConfigurationList = 1847ED3C29AC8EB300BCE50C /* Build configuration list for PBXNativeTarget "swiftDemoUITests" */;
			buildPhases = (
				829D8F20A2663526C5C36346 /* [CP] Check Pods Manifest.lock */,
				1847ED2829AC8EB300BCE50C /* Sources */,
				1847ED2929AC8EB300BCE50C /* Frameworks */,
				1847ED2A29AC8EB300BCE50C /* Resources */,
				B5EBB0D5AAE7D5923D08EF2A /* [CP] Embed Pods Frameworks */,
			);
			buildRules = (
			);
			dependencies = (
				1847ED2E29AC8EB300BCE50C /* PBXTargetDependency */,
			);
			name = swiftDemoUITests;
			productName = swiftDemoUITests;
			productReference = 1847ED2C29AC8EB300BCE50C /* swiftDemoUITests.xctest */;
			productType = "com.apple.product-type.bundle.ui-testing";
		};
/* End PBXNativeTarget section */

/* Begin PBXProject section */
		1847ED0429AC8EB200BCE50C /* Project object */ = {
			isa = PBXProject;
			attributes = {
				BuildIndependentTargetsInParallel = 1;
				LastSwiftUpdateCheck = 1420;
				LastUpgradeCheck = 1420;
				TargetAttributes = {
					1847ED0B29AC8EB200BCE50C = {
						CreatedOnToolsVersion = 14.2;
						LastSwiftMigration = 1430;
					};
					1847ED2129AC8EB300BCE50C = {
						CreatedOnToolsVersion = 14.2;
						TestTargetID = 1847ED0B29AC8EB200BCE50C;
					};
					1847ED2B29AC8EB300BCE50C = {
						CreatedOnToolsVersion = 14.2;
						TestTargetID = 1847ED0B29AC8EB200BCE50C;
					};
				};
			};
			buildConfigurationList = 1847ED0729AC8EB200BCE50C /* Build configuration list for PBXProject "swiftDemo" */;
			compatibilityVersion = "Xcode 14.0";
			developmentRegion = en;
			hasScannedForEncodings = 0;
			knownRegions = (
				en,
				Base,
			);
			mainGroup = 1847ED0329AC8EB200BCE50C;
			packageReferences = (
				239177B32AF4F9BB0016CB68 /* XCRemoteSwiftPackageReference "CocoaLumberjack" */,
			);
			productRefGroup = 1847ED0D29AC8EB200BCE50C /* Products */;
			projectDirPath = "";
			projectRoot = "";
			targets = (
				1847ED0B29AC8EB200BCE50C /* swiftDemo */,
				1847ED2129AC8EB300BCE50C /* swiftDemoTests */,
				1847ED2B29AC8EB300BCE50C /* swiftDemoUITests */,
			);
		};
/* End PBXProject section */

/* Begin PBXResourcesBuildPhase section */
		1847ED0A29AC8EB200BCE50C /* Resources */ = {
			isa = PBXResourcesBuildPhase;
			buildActionMask = 2147483647;
			files = (
				1847ED1C29AC8EB300BCE50C /* LaunchScreen.storyboard in Resources */,
				1847ED1929AC8EB300BCE50C /* Assets.xcassets in Resources */,
				1847ED1729AC8EB200BCE50C /* Main.storyboard in Resources */,
			);
			runOnlyForDeploymentPostprocessing = 0;
		};
		1847ED2029AC8EB300BCE50C /* Resources */ = {
			isa = PBXResourcesBuildPhase;
			buildActionMask = 2147483647;
			files = (
			);
			runOnlyForDeploymentPostprocessing = 0;
		};
		1847ED2A29AC8EB300BCE50C /* Resources */ = {
			isa = PBXResourcesBuildPhase;
			buildActionMask = 2147483647;
			files = (
			);
			runOnlyForDeploymentPostprocessing = 0;
		};
/* End PBXResourcesBuildPhase section */

/* Begin PBXShellScriptBuildPhase section */
		062AF6D20EA6D06A0AAEA369 /* [CP] Check Pods Manifest.lock */ = {
			isa = PBXShellScriptBuildPhase;
			buildActionMask = 2147483647;
			files = (
			);
			inputFileListPaths = (
			);
			inputPaths = (
				"${PODS_PODFILE_DIR_PATH}/Podfile.lock",
				"${PODS_ROOT}/Manifest.lock",
			);
			name = "[CP] Check Pods Manifest.lock";
			outputFileListPaths = (
			);
			outputPaths = (
				"$(DERIVED_FILE_DIR)/Pods-swiftDemoTests-checkManifestLockResult.txt",
			);
			runOnlyForDeploymentPostprocessing = 0;
			shellPath = /bin/sh;
			shellScript = "diff \"${PODS_PODFILE_DIR_PATH}/Podfile.lock\" \"${PODS_ROOT}/Manifest.lock\" > /dev/null\nif [ $? != 0 ] ; then\n    # print error to STDERR\n    echo \"error: The sandbox is not in sync with the Podfile.lock. Run 'pod install' or update your CocoaPods installation.\" >&2\n    exit 1\nfi\n# This output is used by Xcode 'outputs' to avoid re-running this script phase.\necho \"SUCCESS\" > \"${SCRIPT_OUTPUT_FILE_0}\"\n";
			showEnvVarsInLog = 0;
		};
		39FFCE63200442952F2D8811 /* [CP] Embed Pods Frameworks */ = {
			isa = PBXShellScriptBuildPhase;
			buildActionMask = 2147483647;
			files = (
			);
			inputFileListPaths = (
				"${PODS_ROOT}/Target Support Files/Pods-swiftDemo/Pods-swiftDemo-frameworks-${CONFIGURATION}-input-files.xcfilelist",
			);
			name = "[CP] Embed Pods Frameworks";
			outputFileListPaths = (
				"${PODS_ROOT}/Target Support Files/Pods-swiftDemo/Pods-swiftDemo-frameworks-${CONFIGURATION}-output-files.xcfilelist",
			);
			runOnlyForDeploymentPostprocessing = 0;
			shellPath = /bin/sh;
			shellScript = "\"${PODS_ROOT}/Target Support Files/Pods-swiftDemo/Pods-swiftDemo-frameworks.sh\"\n";
			showEnvVarsInLog = 0;
		};
		64963BE0B409588B41BC9686 /* [CP] Check Pods Manifest.lock */ = {
			isa = PBXShellScriptBuildPhase;
			buildActionMask = 2147483647;
			files = (
			);
			inputFileListPaths = (
			);
			inputPaths = (
				"${PODS_PODFILE_DIR_PATH}/Podfile.lock",
				"${PODS_ROOT}/Manifest.lock",
			);
			name = "[CP] Check Pods Manifest.lock";
			outputFileListPaths = (
			);
			outputPaths = (
				"$(DERIVED_FILE_DIR)/Pods-swiftDemo-checkManifestLockResult.txt",
			);
			runOnlyForDeploymentPostprocessing = 0;
			shellPath = /bin/sh;
			shellScript = "diff \"${PODS_PODFILE_DIR_PATH}/Podfile.lock\" \"${PODS_ROOT}/Manifest.lock\" > /dev/null\nif [ $? != 0 ] ; then\n    # print error to STDERR\n    echo \"error: The sandbox is not in sync with the Podfile.lock. Run 'pod install' or update your CocoaPods installation.\" >&2\n    exit 1\nfi\n# This output is used by Xcode 'outputs' to avoid re-running this script phase.\necho \"SUCCESS\" > \"${SCRIPT_OUTPUT_FILE_0}\"\n";
			showEnvVarsInLog = 0;
		};
		829D8F20A2663526C5C36346 /* [CP] Check Pods Manifest.lock */ = {
			isa = PBXShellScriptBuildPhase;
			buildActionMask = 2147483647;
			files = (
			);
			inputFileListPaths = (
			);
			inputPaths = (
				"${PODS_PODFILE_DIR_PATH}/Podfile.lock",
				"${PODS_ROOT}/Manifest.lock",
			);
			name = "[CP] Check Pods Manifest.lock";
			outputFileListPaths = (
			);
			outputPaths = (
				"$(DERIVED_FILE_DIR)/Pods-swiftDemo-swiftDemoUITests-checkManifestLockResult.txt",
			);
			runOnlyForDeploymentPostprocessing = 0;
			shellPath = /bin/sh;
			shellScript = "diff \"${PODS_PODFILE_DIR_PATH}/Podfile.lock\" \"${PODS_ROOT}/Manifest.lock\" > /dev/null\nif [ $? != 0 ] ; then\n    # print error to STDERR\n    echo \"error: The sandbox is not in sync with the Podfile.lock. Run 'pod install' or update your CocoaPods installation.\" >&2\n    exit 1\nfi\n# This output is used by Xcode 'outputs' to avoid re-running this script phase.\necho \"SUCCESS\" > \"${SCRIPT_OUTPUT_FILE_0}\"\n";
			showEnvVarsInLog = 0;
		};
		B5EBB0D5AAE7D5923D08EF2A /* [CP] Embed Pods Frameworks */ = {
			isa = PBXShellScriptBuildPhase;
			buildActionMask = 2147483647;
			files = (
			);
			inputFileListPaths = (
				"${PODS_ROOT}/Target Support Files/Pods-swiftDemo-swiftDemoUITests/Pods-swiftDemo-swiftDemoUITests-frameworks-${CONFIGURATION}-input-files.xcfilelist",
			);
			name = "[CP] Embed Pods Frameworks";
			outputFileListPaths = (
				"${PODS_ROOT}/Target Support Files/Pods-swiftDemo-swiftDemoUITests/Pods-swiftDemo-swiftDemoUITests-frameworks-${CONFIGURATION}-output-files.xcfilelist",
			);
			runOnlyForDeploymentPostprocessing = 0;
			shellPath = /bin/sh;
			shellScript = "\"${PODS_ROOT}/Target Support Files/Pods-swiftDemo-swiftDemoUITests/Pods-swiftDemo-swiftDemoUITests-frameworks.sh\"\n";
			showEnvVarsInLog = 0;
		};
/* End PBXShellScriptBuildPhase section */

/* Begin PBXSourcesBuildPhase section */
		1847ED0829AC8EB200BCE50C /* Sources */ = {
			isa = PBXSourcesBuildPhase;
			buildActionMask = 2147483647;
			files = (
				2328F58F2A3C5E8000F2C0E6 /* ZYCNetWorkTools.swift in Sources */,
				231B99F92A959A8F008BCD3F /* DiaryContentView.swift in Sources */,
				234159632A84B91A00E6F218 /* MeViewController.swift in Sources */,
				23AC66F02AA1DE2500D6B78A /* HomeScrapResourceCell.swift in Sources */,
				238A18982AB19FD900A491E9 /* HomeCorpusResourceCell.swift in Sources */,
				234159502A847AE900E6F218 /* Log.swift in Sources */,
				238A189A2AB19FFA00A491E9 /* HomeCorpusCell.swift in Sources */,
				1847ED1429AC8EB200BCE50C /* ViewController.swift in Sources */,
				2341596E2A84D16300E6F218 /* HomeFocusViewController.swift in Sources */,
				235742512A987B09002C19C2 /* UILabelUtils.swift in Sources */,
				23AC66F22AA1DE4500D6B78A /* HomeScrapCell.swift in Sources */,
				234159662A84B9A200E6F218 /* PublishViewController.swift in Sources */,
				23E224412A56BB6E008AC83A /* NetWorkAPI.swift in Sources */,
				23727DDD2A8A180C00EBF53D /* BaseTableViewCell.swift in Sources */,
				2341595D2A84B8F000E6F218 /* HomeViewController.swift in Sources */,
				1847ED1029AC8EB200BCE50C /* AppDelegate.swift in Sources */,
				2341595B2A84B8CD00E6F218 /* BaseViewController.swift in Sources */,
				23E2243F2A56B78C008AC83A /* HttpManager.swift in Sources */,
				234159702A84DA1700E6F218 /* RefreshHeader.swift in Sources */,
				23E7E71B2A9F1DE10083FE90 /* HomeTopicResourceCell.swift in Sources */,
				23E7E7172A9F13B40083FE90 /* BaseCollectionViewCell.swift in Sources */,
				23727DDF2A8A33BC00EBF53D /* HomeDiaryCell.swift in Sources */,
				2377D0852A85DCB4006F9BF5 /* UserManager.swift in Sources */,
				23D5DDC72A67CE37003AE711 /* User.swift in Sources */,
				2302AA052A53D03200ABABE3 /* MZRSA.swift in Sources */,
				236D46ED2A4E6A6700F26916 /* DateUtils.swift in Sources */,
				23E7E71D2A9F1FA40083FE90 /* NonFullScreenLayout.swift in Sources */,
				234159742A84EAAF00E6F218 /* FileUtils.swift in Sources */,
				23A456FA2A3DA54100A2310F /* ZYCNetWork.swift in Sources */,
				233679EC2AB2A742006271F4 /* LineLayout.swift in Sources */,
				234159592A84B85200E6F218 /* BaseTabBarController.swift in Sources */,
				23CD57C02AF885F20051B2EC /* QYLog.swift in Sources */,
				234159572A84B81B00E6F218 /* BaseNavigationController.swift in Sources */,
				234159722A84DA2B00E6F218 /* RefreshFooter.swift in Sources */,
				236D46EF2A4E6E0300F26916 /* StringUtils.swift in Sources */,
				2341595F2A84B90500E6F218 /* ClubViewController.swift in Sources */,
				236D46F12A4ECB3800F26916 /* DataUtils.swift in Sources */,
				2377D0872A86250D006F9BF5 /* HomeListModel.swift in Sources */,
				23E7E7192A9F14350083FE90 /* HomeTopicCell.swift in Sources */,
				234E75DB2A936CD7002883C6 /* BannerView.swift in Sources */,
				234159612A84B91000E6F218 /* MessageViewController.swift in Sources */,
				232F59622A99D0240004ACCF /* HomeHandCell.swift in Sources */,
				2341596C2A84D15100E6F218 /* HomeHotViewController.swift in Sources */,
				23BF71C72AAEF2A400EDF196 /* HorizontalLayout.swift in Sources */,
				238816A82A26D7990004432B /* ZYCCommon.swift in Sources */,
			);
			runOnlyForDeploymentPostprocessing = 0;
		};
		1847ED1E29AC8EB300BCE50C /* Sources */ = {
			isa = PBXSourcesBuildPhase;
			buildActionMask = 2147483647;
			files = (
				1847ED2729AC8EB300BCE50C /* swiftDemoTests.swift in Sources */,
			);
			runOnlyForDeploymentPostprocessing = 0;
		};
		1847ED2829AC8EB300BCE50C /* Sources */ = {
			isa = PBXSourcesBuildPhase;
			buildActionMask = 2147483647;
			files = (
				1847ED3129AC8EB300BCE50C /* swiftDemoUITests.swift in Sources */,
				1847ED3329AC8EB300BCE50C /* swiftDemoUITestsLaunchTests.swift in Sources */,
			);
			runOnlyForDeploymentPostprocessing = 0;
		};
/* End PBXSourcesBuildPhase section */

/* Begin PBXTargetDependency section */
		1847ED2429AC8EB300BCE50C /* PBXTargetDependency */ = {
			isa = PBXTargetDependency;
			target = 1847ED0B29AC8EB200BCE50C /* swiftDemo */;
			targetProxy = 1847ED2329AC8EB300BCE50C /* PBXContainerItemProxy */;
		};
		1847ED2E29AC8EB300BCE50C /* PBXTargetDependency */ = {
			isa = PBXTargetDependency;
			target = 1847ED0B29AC8EB200BCE50C /* swiftDemo */;
			targetProxy = 1847ED2D29AC8EB300BCE50C /* PBXContainerItemProxy */;
		};
/* End PBXTargetDependency section */

/* Begin PBXVariantGroup section */
		1847ED1529AC8EB200BCE50C /* Main.storyboard */ = {
			isa = PBXVariantGroup;
			children = (
				1847ED1629AC8EB200BCE50C /* Base */,
			);
			name = Main.storyboard;
			sourceTree = "<group>";
		};
		1847ED1A29AC8EB300BCE50C /* LaunchScreen.storyboard */ = {
			isa = PBXVariantGroup;
			children = (
				1847ED1B29AC8EB300BCE50C /* Base */,
			);
			name = LaunchScreen.storyboard;
			sourceTree = "<group>";
		};
/* End PBXVariantGroup section */

/* Begin XCBuildConfiguration section */
		1847ED3429AC8EB300BCE50C /* Debug */ = {
			isa = XCBuildConfiguration;
			buildSettings = {
				ALWAYS_SEARCH_USER_PATHS = NO;
				CLANG_ANALYZER_NONNULL = YES;
				CLANG_ANALYZER_NUMBER_OBJECT_CONVERSION = YES_AGGRESSIVE;
				CLANG_CXX_LANGUAGE_STANDARD = "gnu++20";
				CLANG_ENABLE_MODULES = YES;
				CLANG_ENABLE_OBJC_ARC = YES;
				CLANG_ENABLE_OBJC_WEAK = YES;
				CLANG_WARN_BLOCK_CAPTURE_AUTORELEASING = YES;
				CLANG_WARN_BOOL_CONVERSION = YES;
				CLANG_WARN_COMMA = YES;
				CLANG_WARN_CONSTANT_CONVERSION = YES;
				CLANG_WARN_DEPRECATED_OBJC_IMPLEMENTATIONS = YES;
				CLANG_WARN_DIRECT_OBJC_ISA_USAGE = YES_ERROR;
				CLANG_WARN_DOCUMENTATION_COMMENTS = YES;
				CLANG_WARN_EMPTY_BODY = YES;
				CLANG_WARN_ENUM_CONVERSION = YES;
				CLANG_WARN_INFINITE_RECURSION = YES;
				CLANG_WARN_INT_CONVERSION = YES;
				CLANG_WARN_NON_LITERAL_NULL_CONVERSION = YES;
				CLANG_WARN_OBJC_IMPLICIT_RETAIN_SELF = YES;
				CLANG_WARN_OBJC_LITERAL_CONVERSION = YES;
				CLANG_WARN_OBJC_ROOT_CLASS = YES_ERROR;
				CLANG_WARN_QUOTED_INCLUDE_IN_FRAMEWORK_HEADER = YES;
				CLANG_WARN_RANGE_LOOP_ANALYSIS = YES;
				CLANG_WARN_STRICT_PROTOTYPES = YES;
				CLANG_WARN_SUSPICIOUS_MOVE = YES;
				CLANG_WARN_UNGUARDED_AVAILABILITY = YES_AGGRESSIVE;
				CLANG_WARN_UNREACHABLE_CODE = YES;
				CLANG_WARN__DUPLICATE_METHOD_MATCH = YES;
				COPY_PHASE_STRIP = NO;
				DEBUG_INFORMATION_FORMAT = dwarf;
				ENABLE_STRICT_OBJC_MSGSEND = YES;
				ENABLE_TESTABILITY = YES;
				GCC_C_LANGUAGE_STANDARD = gnu11;
				GCC_DYNAMIC_NO_PIC = NO;
				GCC_NO_COMMON_BLOCKS = YES;
				GCC_OPTIMIZATION_LEVEL = 0;
				GCC_PREPROCESSOR_DEFINITIONS = (
					"DEBUG=1",
					"$(inherited)",
				);
				GCC_WARN_64_TO_32_BIT_CONVERSION = YES;
				GCC_WARN_ABOUT_RETURN_TYPE = YES_ERROR;
				GCC_WARN_UNDECLARED_SELECTOR = YES;
				GCC_WARN_UNINITIALIZED_AUTOS = YES_AGGRESSIVE;
				GCC_WARN_UNUSED_FUNCTION = YES;
				GCC_WARN_UNUSED_VARIABLE = YES;
				IPHONEOS_DEPLOYMENT_TARGET = 12.0;
				MTL_ENABLE_DEBUG_INFO = INCLUDE_SOURCE;
				MTL_FAST_MATH = YES;
				ONLY_ACTIVE_ARCH = YES;
				SDKROOT = iphoneos;
				SWIFT_ACTIVE_COMPILATION_CONDITIONS = DEBUG;
				SWIFT_OPTIMIZATION_LEVEL = "-Onone";
			};
			name = Debug;
		};
		1847ED3529AC8EB300BCE50C /* Release */ = {
			isa = XCBuildConfiguration;
			buildSettings = {
				ALWAYS_SEARCH_USER_PATHS = NO;
				CLANG_ANALYZER_NONNULL = YES;
				CLANG_ANALYZER_NUMBER_OBJECT_CONVERSION = YES_AGGRESSIVE;
				CLANG_CXX_LANGUAGE_STANDARD = "gnu++20";
				CLANG_ENABLE_MODULES = YES;
				CLANG_ENABLE_OBJC_ARC = YES;
				CLANG_ENABLE_OBJC_WEAK = YES;
				CLANG_WARN_BLOCK_CAPTURE_AUTORELEASING = YES;
				CLANG_WARN_BOOL_CONVERSION = YES;
				CLANG_WARN_COMMA = YES;
				CLANG_WARN_CONSTANT_CONVERSION = YES;
				CLANG_WARN_DEPRECATED_OBJC_IMPLEMENTATIONS = YES;
				CLANG_WARN_DIRECT_OBJC_ISA_USAGE = YES_ERROR;
				CLANG_WARN_DOCUMENTATION_COMMENTS = YES;
				CLANG_WARN_EMPTY_BODY = YES;
				CLANG_WARN_ENUM_CONVERSION = YES;
				CLANG_WARN_INFINITE_RECURSION = YES;
				CLANG_WARN_INT_CONVERSION = YES;
				CLANG_WARN_NON_LITERAL_NULL_CONVERSION = YES;
				CLANG_WARN_OBJC_IMPLICIT_RETAIN_SELF = YES;
				CLANG_WARN_OBJC_LITERAL_CONVERSION = YES;
				CLANG_WARN_OBJC_ROOT_CLASS = YES_ERROR;
				CLANG_WARN_QUOTED_INCLUDE_IN_FRAMEWORK_HEADER = YES;
				CLANG_WARN_RANGE_LOOP_ANALYSIS = YES;
				CLANG_WARN_STRICT_PROTOTYPES = YES;
				CLANG_WARN_SUSPICIOUS_MOVE = YES;
				CLANG_WARN_UNGUARDED_AVAILABILITY = YES_AGGRESSIVE;
				CLANG_WARN_UNREACHABLE_CODE = YES;
				CLANG_WARN__DUPLICATE_METHOD_MATCH = YES;
				COPY_PHASE_STRIP = NO;
				DEBUG_INFORMATION_FORMAT = "dwarf-with-dsym";
				ENABLE_NS_ASSERTIONS = NO;
				ENABLE_STRICT_OBJC_MSGSEND = YES;
				GCC_C_LANGUAGE_STANDARD = gnu11;
				GCC_NO_COMMON_BLOCKS = YES;
				GCC_WARN_64_TO_32_BIT_CONVERSION = YES;
				GCC_WARN_ABOUT_RETURN_TYPE = YES_ERROR;
				GCC_WARN_UNDECLARED_SELECTOR = YES;
				GCC_WARN_UNINITIALIZED_AUTOS = YES_AGGRESSIVE;
				GCC_WARN_UNUSED_FUNCTION = YES;
				GCC_WARN_UNUSED_VARIABLE = YES;
				IPHONEOS_DEPLOYMENT_TARGET = 12.0;
				MTL_ENABLE_DEBUG_INFO = NO;
				MTL_FAST_MATH = YES;
				SDKROOT = iphoneos;
				SWIFT_COMPILATION_MODE = wholemodule;
				SWIFT_OPTIMIZATION_LEVEL = "-O";
				VALIDATE_PRODUCT = YES;
			};
			name = Release;
		};
		1847ED3729AC8EB300BCE50C /* Debug */ = {
			isa = XCBuildConfiguration;
			baseConfigurationReference = BD7425513B31F2BAB8E0C674 /* Pods-swiftDemo.debug.xcconfig */;
			buildSettings = {
				ASSETCATALOG_COMPILER_APPICON_NAME = AppIcon;
				ASSETCATALOG_COMPILER_GLOBAL_ACCENT_COLOR_NAME = AccentColor;
				CLANG_ENABLE_MODULES = YES;
				CODE_SIGN_STYLE = Automatic;
				CURRENT_PROJECT_VERSION = 9220;
				DEVELOPMENT_TEAM = NA6DK88P4L;
				GENERATE_INFOPLIST_FILE = YES;
				INFOPLIST_FILE = swiftDemo/Info.plist;
				INFOPLIST_KEY_NSUserTrackingUsageDescription = "获取设备信息用以分析统计和问题诊断";
				INFOPLIST_KEY_UIApplicationSupportsIndirectInputEvents = YES;
				INFOPLIST_KEY_UILaunchStoryboardName = LaunchScreen;
				INFOPLIST_KEY_UIMainStoryboardFile = Main;
				INFOPLIST_KEY_UISupportedInterfaceOrientations_iPad = "UIInterfaceOrientationPortrait UIInterfaceOrientationPortraitUpsideDown UIInterfaceOrientationLandscapeLeft UIInterfaceOrientationLandscapeRight";
				INFOPLIST_KEY_UISupportedInterfaceOrientations_iPhone = "UIInterfaceOrientationPortrait UIInterfaceOrientationLandscapeLeft UIInterfaceOrientationLandscapeRight";
				IPHONEOS_DEPLOYMENT_TARGET = 12.0;
				LD_RUNPATH_SEARCH_PATHS = (
					"$(inherited)",
					"@executable_path/Frameworks",
				);
				MARKETING_VERSION = 9.2.2;
				PRODUCT_BUNDLE_IDENTIFIER = com.zyc.test1;
				PRODUCT_NAME = "$(TARGET_NAME)";
				SWIFT_EMIT_LOC_STRINGS = YES;
				SWIFT_OBJC_BRIDGING_HEADER = "swiftDemo/swiftDemo-Bridging-Header.h";
				SWIFT_OPTIMIZATION_LEVEL = "-Onone";
				SWIFT_VERSION = 5.0;
				TARGETED_DEVICE_FAMILY = "1,2";
			};
			name = Debug;
		};
		1847ED3829AC8EB300BCE50C /* Release */ = {
			isa = XCBuildConfiguration;
			baseConfigurationReference = 4CCD1102262D805AE0688DBF /* Pods-swiftDemo.release.xcconfig */;
			buildSettings = {
				ASSETCATALOG_COMPILER_APPICON_NAME = AppIcon;
				ASSETCATALOG_COMPILER_GLOBAL_ACCENT_COLOR_NAME = AccentColor;
				CLANG_ENABLE_MODULES = YES;
				CODE_SIGN_STYLE = Automatic;
				CURRENT_PROJECT_VERSION = 9220;
				DEVELOPMENT_TEAM = NA6DK88P4L;
				GENERATE_INFOPLIST_FILE = YES;
				INFOPLIST_FILE = swiftDemo/Info.plist;
				INFOPLIST_KEY_NSUserTrackingUsageDescription = "获取设备信息用以分析统计和问题诊断";
				INFOPLIST_KEY_UIApplicationSupportsIndirectInputEvents = YES;
				INFOPLIST_KEY_UILaunchStoryboardName = LaunchScreen;
				INFOPLIST_KEY_UIMainStoryboardFile = Main;
				INFOPLIST_KEY_UISupportedInterfaceOrientations_iPad = "UIInterfaceOrientationPortrait UIInterfaceOrientationPortraitUpsideDown UIInterfaceOrientationLandscapeLeft UIInterfaceOrientationLandscapeRight";
				INFOPLIST_KEY_UISupportedInterfaceOrientations_iPhone = "UIInterfaceOrientationPortrait UIInterfaceOrientationLandscapeLeft UIInterfaceOrientationLandscapeRight";
				IPHONEOS_DEPLOYMENT_TARGET = 12.0;
				LD_RUNPATH_SEARCH_PATHS = (
					"$(inherited)",
					"@executable_path/Frameworks",
				);
				MARKETING_VERSION = 9.2.2;
				PRODUCT_BUNDLE_IDENTIFIER = com.zyc.test1;
				PRODUCT_NAME = "$(TARGET_NAME)";
				SWIFT_EMIT_LOC_STRINGS = YES;
				SWIFT_OBJC_BRIDGING_HEADER = "swiftDemo/swiftDemo-Bridging-Header.h";
				SWIFT_VERSION = 5.0;
				TARGETED_DEVICE_FAMILY = "1,2";
			};
			name = Release;
		};
		1847ED3A29AC8EB300BCE50C /* Debug */ = {
			isa = XCBuildConfiguration;
			baseConfigurationReference = BC84BA9E482C98DD3162A2D3 /* Pods-swiftDemoTests.debug.xcconfig */;
			buildSettings = {
				ALWAYS_EMBED_SWIFT_STANDARD_LIBRARIES = YES;
				BUNDLE_LOADER = "$(TEST_HOST)";
				CODE_SIGN_STYLE = Automatic;
				CURRENT_PROJECT_VERSION = 1;
				GENERATE_INFOPLIST_FILE = YES;
				IPHONEOS_DEPLOYMENT_TARGET = 12.0;
				MARKETING_VERSION = 1.0;
				PRODUCT_BUNDLE_IDENTIFIER = apple.swiftDemoTests;
				PRODUCT_NAME = "$(TARGET_NAME)";
				SWIFT_EMIT_LOC_STRINGS = NO;
				SWIFT_VERSION = 5.0;
				TARGETED_DEVICE_FAMILY = "1,2";
				TEST_HOST = "$(BUILT_PRODUCTS_DIR)/swiftDemo.app/$(BUNDLE_EXECUTABLE_FOLDER_PATH)/swiftDemo";
			};
			name = Debug;
		};
		1847ED3B29AC8EB300BCE50C /* Release */ = {
			isa = XCBuildConfiguration;
			baseConfigurationReference = 984CCC776404AA2695F2DF7E /* Pods-swiftDemoTests.release.xcconfig */;
			buildSettings = {
				ALWAYS_EMBED_SWIFT_STANDARD_LIBRARIES = YES;
				BUNDLE_LOADER = "$(TEST_HOST)";
				CODE_SIGN_STYLE = Automatic;
				CURRENT_PROJECT_VERSION = 1;
				GENERATE_INFOPLIST_FILE = YES;
				IPHONEOS_DEPLOYMENT_TARGET = 12.0;
				MARKETING_VERSION = 1.0;
				PRODUCT_BUNDLE_IDENTIFIER = apple.swiftDemoTests;
				PRODUCT_NAME = "$(TARGET_NAME)";
				SWIFT_EMIT_LOC_STRINGS = NO;
				SWIFT_VERSION = 5.0;
				TARGETED_DEVICE_FAMILY = "1,2";
				TEST_HOST = "$(BUILT_PRODUCTS_DIR)/swiftDemo.app/$(BUNDLE_EXECUTABLE_FOLDER_PATH)/swiftDemo";
			};
			name = Release;
		};
		1847ED3D29AC8EB300BCE50C /* Debug */ = {
			isa = XCBuildConfiguration;
			baseConfigurationReference = 6D516DA00F74A7F015BD748E /* Pods-swiftDemo-swiftDemoUITests.debug.xcconfig */;
			buildSettings = {
				ALWAYS_EMBED_SWIFT_STANDARD_LIBRARIES = YES;
				CODE_SIGN_STYLE = Automatic;
				CURRENT_PROJECT_VERSION = 1;
				GENERATE_INFOPLIST_FILE = YES;
				IPHONEOS_DEPLOYMENT_TARGET = 12.0;
				MARKETING_VERSION = 1.0;
				PRODUCT_BUNDLE_IDENTIFIER = apple.swiftDemoUITests;
				PRODUCT_NAME = "$(TARGET_NAME)";
				SWIFT_EMIT_LOC_STRINGS = NO;
				SWIFT_VERSION = 5.0;
				TARGETED_DEVICE_FAMILY = "1,2";
				TEST_TARGET_NAME = swiftDemo;
			};
			name = Debug;
		};
		1847ED3E29AC8EB300BCE50C /* Release */ = {
			isa = XCBuildConfiguration;
			baseConfigurationReference = 640E629996A89B0647CA1227 /* Pods-swiftDemo-swiftDemoUITests.release.xcconfig */;
			buildSettings = {
				ALWAYS_EMBED_SWIFT_STANDARD_LIBRARIES = YES;
				CODE_SIGN_STYLE = Automatic;
				CURRENT_PROJECT_VERSION = 1;
				GENERATE_INFOPLIST_FILE = YES;
				IPHONEOS_DEPLOYMENT_TARGET = 12.0;
				MARKETING_VERSION = 1.0;
				PRODUCT_BUNDLE_IDENTIFIER = apple.swiftDemoUITests;
				PRODUCT_NAME = "$(TARGET_NAME)";
				SWIFT_EMIT_LOC_STRINGS = NO;
				SWIFT_VERSION = 5.0;
				TARGETED_DEVICE_FAMILY = "1,2";
				TEST_TARGET_NAME = swiftDemo;
			};
			name = Release;
		};
/* End XCBuildConfiguration section */

/* Begin XCConfigurationList section */
		1847ED0729AC8EB200BCE50C /* Build configuration list for PBXProject "swiftDemo" */ = {
			isa = XCConfigurationList;
			buildConfigurations = (
				1847ED3429AC8EB300BCE50C /* Debug */,
				1847ED3529AC8EB300BCE50C /* Release */,
			);
			defaultConfigurationIsVisible = 0;
			defaultConfigurationName = Release;
		};
		1847ED3629AC8EB300BCE50C /* Build configuration list for PBXNativeTarget "swiftDemo" */ = {
			isa = XCConfigurationList;
			buildConfigurations = (
				1847ED3729AC8EB300BCE50C /* Debug */,
				1847ED3829AC8EB300BCE50C /* Release */,
			);
			defaultConfigurationIsVisible = 0;
			defaultConfigurationName = Release;
		};
		1847ED3929AC8EB300BCE50C /* Build configuration list for PBXNativeTarget "swiftDemoTests" */ = {
			isa = XCConfigurationList;
			buildConfigurations = (
				1847ED3A29AC8EB300BCE50C /* Debug */,
				1847ED3B29AC8EB300BCE50C /* Release */,
			);
			defaultConfigurationIsVisible = 0;
			defaultConfigurationName = Release;
		};
		1847ED3C29AC8EB300BCE50C /* Build configuration list for PBXNativeTarget "swiftDemoUITests" */ = {
			isa = XCConfigurationList;
			buildConfigurations = (
				1847ED3D29AC8EB300BCE50C /* Debug */,
				1847ED3E29AC8EB300BCE50C /* Release */,
			);
			defaultConfigurationIsVisible = 0;
			defaultConfigurationName = Release;
		};
/* End XCConfigurationList section */

/* Begin XCRemoteSwiftPackageReference section */
		239177B32AF4F9BB0016CB68 /* XCRemoteSwiftPackageReference "CocoaLumberjack" */ = {
			isa = XCRemoteSwiftPackageReference;
			repositoryURL = "https://github.com/CocoaLumberjack/CocoaLumberjack.git";
			requirement = {
				kind = upToNextMajorVersion;
				minimumVersion = 3.8.2;
			};
		};
/* End XCRemoteSwiftPackageReference section */

/* Begin XCSwiftPackageProductDependency section */
		239177B42AF4F9BB0016CB68 /* CocoaLumberjack */ = {
			isa = XCSwiftPackageProductDependency;
			package = 239177B32AF4F9BB0016CB68 /* XCRemoteSwiftPackageReference "CocoaLumberjack" */;
			productName = CocoaLumberjack;
		};
		239177B62AF4F9BB0016CB68 /* CocoaLumberjackSwift */ = {
			isa = XCSwiftPackageProductDependency;
			package = 239177B32AF4F9BB0016CB68 /* XCRemoteSwiftPackageReference "CocoaLumberjack" */;
			productName = CocoaLumberjackSwift;
		};
		239177B82AF4F9BB0016CB68 /* CocoaLumberjackSwiftLogBackend */ = {
			isa = XCSwiftPackageProductDependency;
			package = 239177B32AF4F9BB0016CB68 /* XCRemoteSwiftPackageReference "CocoaLumberjack" */;
			productName = CocoaLumberjackSwiftLogBackend;
		};
/* End XCSwiftPackageProductDependency section */
	};
	rootObject = 1847ED0429AC8EB200BCE50C /* Project object */;
}
